
Microsoft Visual Studio Solution File, Format Version 12.00
# Visual Studio Version 17
VisualStudioVersion = 17.12.35527.113 d17.12
MinimumVisualStudioVersion = 10.0.40219.1
Project("{FAE04EC0-301F-11D3-BF4B-00C04F79EFBC}") = "VideoGameApi", "VideoGameApi\VideoGameApi.csproj", "{69D8F8C0-A55B-4D3E-BECE-3E4BAAC4C279}"
EndProject
Project("{E53339B2-1760-4266-BCC7-CA923CBCF16C}") = "docker-compose", "docker-compose.dcproj", "{AE2A7DCC-7884-4AF1-9A0F-0ADB6053A0B3}"
EndProject
Global
	GlobalSection(SolutionConfigurationPlatforms) = preSolution
		Debug|Any CPU = Debug|Any CPU
		Release|Any CPU = Release|Any CPU
	EndGlobalSection
	GlobalSection(ProjectConfigurationPlatforms) = postSolution
		{69D8F8C0-A55B-4D3E-BECE-3E4BAAC4C279}.Debug|Any CPU.ActiveCfg = Debug|Any CPU
		{69D8F8C0-A55B-4D3E-BECE-3E4BAAC4C279}.Debug|Any CPU.Build.0 = Debug|Any CPU
		{69D8F8C0-A55B-4D3E-BECE-3E4BAAC4C279}.Release|Any CPU.ActiveCfg = Release|Any CPU
		{69D8F8C0-A55B-4D3E-BECE-3E4BAAC4C279}.Release|Any CPU.Build.0 = Release|Any CPU
		{AE2A7DCC-7884-4AF1-9A0F-0ADB6053A0B3}.Debug|Any CPU.ActiveCfg = Debug|Any CPU
		{AE2A7DCC-7884-4AF1-9A0F-0ADB6053A0B3}.Debug|Any CPU.Build.0 = Debug|Any CPU
		{AE2A7DCC-7884-4AF1-9A0F-0ADB6053A0B3}.Release|Any CPU.ActiveCfg = Release|Any CPU
		{AE2A7DCC-7884-4AF1-9A0F-0ADB6053A0B3}.Release|Any CPU.Build.0 = Release|Any CPU
	EndGlobalSection
	GlobalSection(SolutionProperties) = preSolution
		HideSolutionNode = FALSE
	EndGlobalSection
EndGlobal
